
Microsoft Visual Studio Solution File, Format Version 12.00
# Visual Studio 14
VisualStudioVersion = 14.0.22512.0
MinimumVisualStudioVersion = 10.0.40219.1
Project("{8BB2217D-0F2D-49D1-97BC-3654ED321F3B}") = "Blacklite.Framework.Metadata", "src\Blacklite.Framework.Metadata\Blacklite.Framework.Metadata.kproj", "{1D606537-BE56-4DA3-860A-D8FEE93B4A0C}"
EndProject
Project("{8BB2217D-0F2D-49D1-97BC-3654ED321F3B}") = "Blacklite.Framework.Metadata.Storage", "src\Blacklite.Framework.Metadata.Storage\Blacklite.Framework.Metadata.Storage.kproj", "{364096F9-4B5A-4F5C-8D77-31289A628AFB}"
EndProject
Project("{8BB2217D-0F2D-49D1-97BC-3654ED321F3B}") = "Metadata.Tests", "tests\Metadata.Tests\Metadata.Tests.kproj", "{1B8A297B-921B-4D93-A113-666E56B61C0C}"
EndProject
Project("{2150E333-8FDC-42A3-9474-1A3956D46DE8}") = "tests", "tests", "{7DF82F0F-D917-48A6-A922-52C4E4E4CFB6}"
EndProject
Project("{2150E333-8FDC-42A3-9474-1A3956D46DE8}") = "src", "src", "{EB6026D6-1AB1-45E5-8473-25A6376C1005}"
EndProject
Project("{2150E333-8FDC-42A3-9474-1A3956D46DE8}") = ".build", ".build", "{5715AEF9-51EF-46C6-ADD1-5443DF69C8F6}"
	ProjectSection(SolutionItems) = preProject
		build.cmd = build.cmd
		build.sh = build.sh
	EndProjectSection
EndProject
Project("{2150E333-8FDC-42A3-9474-1A3956D46DE8}") = ".config", ".config", "{97701507-CC03-416C-B9FB-C4AF5E3DEC6B}"
	ProjectSection(SolutionItems) = preProject
		.editorconfig = .editorconfig
		.gitattributes = .gitattributes
		.gitignore = .gitignore
		appveyor.yml = appveyor.yml
		global.json = global.json
		NuGet.config = NuGet.config
	EndProjectSection
	ProjectSection(FolderGlobals) = preProject
		global_1json__JSONSchema = http://json.schemastore.org/global
	EndProjectSection
EndProject
Project("{2150E333-8FDC-42A3-9474-1A3956D46DE8}") = "build", "build", "{383767EE-63BA-460C-92D5-B75916A50EDE}"
	ProjectSection(SolutionItems) = preProject
		makefile.shade = makefile.shade
	EndProjectSection
EndProject
Project("{8BB2217D-0F2D-49D1-97BC-3654ED321F3B}") = "Blacklite.Framework.Metadata.Lifecycles", "src\Blacklite.Framework.Metadata.Lifecycles\Blacklite.Framework.Metadata.Lifecycles.kproj", "{53F9BD26-0B74-42DE-B949-9C0E02DD62F2}"
EndProject
Project("{8BB2217D-0F2D-49D1-97BC-3654ED321F3B}") = "Blacklite.Framework.Metadata.Mvc", "src\Blacklite.Framework.Metadata.Mvc\Blacklite.Framework.Metadata.Mvc.kproj", "{15EBA6F2-44FF-476B-B227-3039B2848617}"
EndProject
Project("{8BB2217D-0F2D-49D1-97BC-3654ED321F3B}") = "Metadata.Storage.Tests", "tests\Metadata.Storage.Tests\Metadata.Storage.Tests.kproj", "{64BCD801-5EC0-43BA-A583-0E6176C7120B}"
EndProject
Project("{8BB2217D-0F2D-49D1-97BC-3654ED321F3B}") = "Metadata.Lifecycles.Tests", "tests\Metadata.Lifecycles.Tests\Metadata.Lifecycles.Tests.kproj", "{6C801C47-6F12-4F44-921C-0A997CD6149A}"
EndProject
Project("{8BB2217D-0F2D-49D1-97BC-3654ED321F3B}") = "Metadata.Mvc.Tests", "tests\Metadata.Mvc.Tests\Metadata.Mvc.Tests.kproj", "{3E62776D-835C-457D-AAE6-7702D2E22220}"
EndProject
Project("{8BB2217D-0F2D-49D1-97BC-3654ED321F3B}") = "Blacklite.Framework.Multitenancy.Metadata", "src\Blacklite.Framework.Multitenancy.Metadata\Blacklite.Framework.Multitenancy.Metadata.kproj", "{94D9F63D-36FA-4824-B106-D158763402B0}"
EndProject
Project("{8BB2217D-0F2D-49D1-97BC-3654ED321F3B}") = "Blacklite.Framework.Multitenancy", "..\Multitenancy\src\Blacklite.Framework.Multitenancy\Blacklite.Framework.Multitenancy.kproj", "{1628899E-71FF-4D91-8AD3-42E5C8DC384E}"
EndProject
Project("{8BB2217D-0F2D-49D1-97BC-3654ED321F3B}") = "Blacklite.Framework.Shared.Reflection", "..\Common\src\Blacklite.Framework.Shared.Reflection\Blacklite.Framework.Shared.Reflection.kproj", "{54B81C20-E88D-48E6-A74B-D30AE280056F}"
EndProject
Project("{8BB2217D-0F2D-49D1-97BC-3654ED321F3B}") = "Blacklite.Framework.Interfaces", "..\Common\src\Blacklite.Framework.Interfaces\Blacklite.Framework.Interfaces.kproj", "{B31A377D-1905-4438-A02B-CD4EEAD8DCC7}"
EndProject
Project("{8BB2217D-0F2D-49D1-97BC-3654ED321F3B}") = "Blacklite.Framework.Events", "..\Common\src\Blacklite.Framework.Events\Blacklite.Framework.Events.kproj", "{161CF813-CA55-49ED-B0A5-CB1A7F1CC43D}"
EndProject
Project("{8BB2217D-0F2D-49D1-97BC-3654ED321F3B}") = "Blacklite.Framework.Multitenancy.Interfaces", "..\Multitenancy\src\Blacklite.Framework.Multitenancy.Interfaces\Blacklite.Framework.Multitenancy.Interfaces.kproj", "{57A8E605-6ADB-4683-854E-D8ABB6CF2BCC}"
EndProject
Project("{8BB2217D-0F2D-49D1-97BC-3654ED321F3B}") = "Blacklite.Framework.GlobalEvents", "..\Common\src\Blacklite.Framework.GlobalEvents\Blacklite.Framework.GlobalEvents.kproj", "{61900673-90C0-4492-BAD8-97767CE28B84}"
EndProject
Project("{8BB2217D-0F2D-49D1-97BC-3654ED321F3B}") = "Blacklite.Framework.Shared", "..\Common\src\Blacklite.Framework.Shared\Blacklite.Framework.Shared.kproj", "{7D364B90-7F31-4B54-B00D-2B5518610917}"
EndProject
Global
	GlobalSection(SolutionConfigurationPlatforms) = preSolution
		Debug|Any CPU = Debug|Any CPU
		Release|Any CPU = Release|Any CPU
	EndGlobalSection
	GlobalSection(ProjectConfigurationPlatforms) = postSolution
		{1D606537-BE56-4DA3-860A-D8FEE93B4A0C}.Debug|Any CPU.ActiveCfg = Debug|Any CPU
		{1D606537-BE56-4DA3-860A-D8FEE93B4A0C}.Debug|Any CPU.Build.0 = Debug|Any CPU
		{1D606537-BE56-4DA3-860A-D8FEE93B4A0C}.Release|Any CPU.ActiveCfg = Release|Any CPU
		{1D606537-BE56-4DA3-860A-D8FEE93B4A0C}.Release|Any CPU.Build.0 = Release|Any CPU
		{364096F9-4B5A-4F5C-8D77-31289A628AFB}.Debug|Any CPU.ActiveCfg = Debug|Any CPU
		{364096F9-4B5A-4F5C-8D77-31289A628AFB}.Debug|Any CPU.Build.0 = Debug|Any CPU
		{364096F9-4B5A-4F5C-8D77-31289A628AFB}.Release|Any CPU.ActiveCfg = Release|Any CPU
		{364096F9-4B5A-4F5C-8D77-31289A628AFB}.Release|Any CPU.Build.0 = Release|Any CPU
		{1B8A297B-921B-4D93-A113-666E56B61C0C}.Debug|Any CPU.ActiveCfg = Debug|Any CPU
		{1B8A297B-921B-4D93-A113-666E56B61C0C}.Debug|Any CPU.Build.0 = Debug|Any CPU
		{1B8A297B-921B-4D93-A113-666E56B61C0C}.Release|Any CPU.ActiveCfg = Release|Any CPU
		{1B8A297B-921B-4D93-A113-666E56B61C0C}.Release|Any CPU.Build.0 = Release|Any CPU
		{53F9BD26-0B74-42DE-B949-9C0E02DD62F2}.Debug|Any CPU.ActiveCfg = Debug|Any CPU
		{53F9BD26-0B74-42DE-B949-9C0E02DD62F2}.Debug|Any CPU.Build.0 = Debug|Any CPU
		{53F9BD26-0B74-42DE-B949-9C0E02DD62F2}.Release|Any CPU.ActiveCfg = Release|Any CPU
		{53F9BD26-0B74-42DE-B949-9C0E02DD62F2}.Release|Any CPU.Build.0 = Release|Any CPU
		{15EBA6F2-44FF-476B-B227-3039B2848617}.Debug|Any CPU.ActiveCfg = Debug|Any CPU
		{15EBA6F2-44FF-476B-B227-3039B2848617}.Debug|Any CPU.Build.0 = Debug|Any CPU
		{15EBA6F2-44FF-476B-B227-3039B2848617}.Release|Any CPU.ActiveCfg = Release|Any CPU
		{15EBA6F2-44FF-476B-B227-3039B2848617}.Release|Any CPU.Build.0 = Release|Any CPU
		{64BCD801-5EC0-43BA-A583-0E6176C7120B}.Debug|Any CPU.ActiveCfg = Debug|Any CPU
		{64BCD801-5EC0-43BA-A583-0E6176C7120B}.Debug|Any CPU.Build.0 = Debug|Any CPU
		{64BCD801-5EC0-43BA-A583-0E6176C7120B}.Release|Any CPU.ActiveCfg = Release|Any CPU
		{64BCD801-5EC0-43BA-A583-0E6176C7120B}.Release|Any CPU.Build.0 = Release|Any CPU
		{6C801C47-6F12-4F44-921C-0A997CD6149A}.Debug|Any CPU.ActiveCfg = Debug|Any CPU
		{6C801C47-6F12-4F44-921C-0A997CD6149A}.Debug|Any CPU.Build.0 = Debug|Any CPU
		{6C801C47-6F12-4F44-921C-0A997CD6149A}.Release|Any CPU.ActiveCfg = Release|Any CPU
		{6C801C47-6F12-4F44-921C-0A997CD6149A}.Release|Any CPU.Build.0 = Release|Any CPU
		{3E62776D-835C-457D-AAE6-7702D2E22220}.Debug|Any CPU.ActiveCfg = Debug|Any CPU
		{3E62776D-835C-457D-AAE6-7702D2E22220}.Debug|Any CPU.Build.0 = Debug|Any CPU
		{3E62776D-835C-457D-AAE6-7702D2E22220}.Release|Any CPU.ActiveCfg = Release|Any CPU
		{3E62776D-835C-457D-AAE6-7702D2E22220}.Release|Any CPU.Build.0 = Release|Any CPU
		{94D9F63D-36FA-4824-B106-D158763402B0}.Debug|Any CPU.ActiveCfg = Debug|Any CPU
		{94D9F63D-36FA-4824-B106-D158763402B0}.Debug|Any CPU.Build.0 = Debug|Any CPU
		{94D9F63D-36FA-4824-B106-D158763402B0}.Release|Any CPU.ActiveCfg = Release|Any CPU
		{94D9F63D-36FA-4824-B106-D158763402B0}.Release|Any CPU.Build.0 = Release|Any CPU
		{1628899E-71FF-4D91-8AD3-42E5C8DC384E}.Debug|Any CPU.ActiveCfg = Debug|Any CPU
		{1628899E-71FF-4D91-8AD3-42E5C8DC384E}.Debug|Any CPU.Build.0 = Debug|Any CPU
		{1628899E-71FF-4D91-8AD3-42E5C8DC384E}.Release|Any CPU.ActiveCfg = Release|Any CPU
		{1628899E-71FF-4D91-8AD3-42E5C8DC384E}.Release|Any CPU.Build.0 = Release|Any CPU
		{54B81C20-E88D-48E6-A74B-D30AE280056F}.Debug|Any CPU.ActiveCfg = Debug|Any CPU
		{54B81C20-E88D-48E6-A74B-D30AE280056F}.Debug|Any CPU.Build.0 = Debug|Any CPU
		{54B81C20-E88D-48E6-A74B-D30AE280056F}.Release|Any CPU.ActiveCfg = Release|Any CPU
		{54B81C20-E88D-48E6-A74B-D30AE280056F}.Release|Any CPU.Build.0 = Release|Any CPU
		{B31A377D-1905-4438-A02B-CD4EEAD8DCC7}.Debug|Any CPU.ActiveCfg = Debug|Any CPU
		{B31A377D-1905-4438-A02B-CD4EEAD8DCC7}.Debug|Any CPU.Build.0 = Debug|Any CPU
		{B31A377D-1905-4438-A02B-CD4EEAD8DCC7}.Release|Any CPU.ActiveCfg = Release|Any CPU
		{B31A377D-1905-4438-A02B-CD4EEAD8DCC7}.Release|Any CPU.Build.0 = Release|Any CPU
		{161CF813-CA55-49ED-B0A5-CB1A7F1CC43D}.Debug|Any CPU.ActiveCfg = Debug|Any CPU
		{161CF813-CA55-49ED-B0A5-CB1A7F1CC43D}.Debug|Any CPU.Build.0 = Debug|Any CPU
		{161CF813-CA55-49ED-B0A5-CB1A7F1CC43D}.Release|Any CPU.ActiveCfg = Release|Any CPU
		{161CF813-CA55-49ED-B0A5-CB1A7F1CC43D}.Release|Any CPU.Build.0 = Release|Any CPU
		{57A8E605-6ADB-4683-854E-D8ABB6CF2BCC}.Debug|Any CPU.ActiveCfg = Debug|Any CPU
		{57A8E605-6ADB-4683-854E-D8ABB6CF2BCC}.Debug|Any CPU.Build.0 = Debug|Any CPU
		{57A8E605-6ADB-4683-854E-D8ABB6CF2BCC}.Release|Any CPU.ActiveCfg = Release|Any CPU
		{57A8E605-6ADB-4683-854E-D8ABB6CF2BCC}.Release|Any CPU.Build.0 = Release|Any CPU
		{61900673-90C0-4492-BAD8-97767CE28B84}.Debug|Any CPU.ActiveCfg = Debug|Any CPU
		{61900673-90C0-4492-BAD8-97767CE28B84}.Debug|Any CPU.Build.0 = Debug|Any CPU
		{61900673-90C0-4492-BAD8-97767CE28B84}.Release|Any CPU.ActiveCfg = Release|Any CPU
		{61900673-90C0-4492-BAD8-97767CE28B84}.Release|Any CPU.Build.0 = Release|Any CPU
		{7D364B90-7F31-4B54-B00D-2B5518610917}.Debug|Any CPU.ActiveCfg = Debug|Any CPU
		{7D364B90-7F31-4B54-B00D-2B5518610917}.Debug|Any CPU.Build.0 = Debug|Any CPU
		{7D364B90-7F31-4B54-B00D-2B5518610917}.Release|Any CPU.ActiveCfg = Release|Any CPU
		{7D364B90-7F31-4B54-B00D-2B5518610917}.Release|Any CPU.Build.0 = Release|Any CPU
	EndGlobalSection
	GlobalSection(SolutionProperties) = preSolution
		HideSolutionNode = FALSE
	EndGlobalSection
	GlobalSection(NestedProjects) = preSolution
		{1D606537-BE56-4DA3-860A-D8FEE93B4A0C} = {EB6026D6-1AB1-45E5-8473-25A6376C1005}
		{364096F9-4B5A-4F5C-8D77-31289A628AFB} = {EB6026D6-1AB1-45E5-8473-25A6376C1005}
		{1B8A297B-921B-4D93-A113-666E56B61C0C} = {7DF82F0F-D917-48A6-A922-52C4E4E4CFB6}
		{53F9BD26-0B74-42DE-B949-9C0E02DD62F2} = {EB6026D6-1AB1-45E5-8473-25A6376C1005}
		{15EBA6F2-44FF-476B-B227-3039B2848617} = {EB6026D6-1AB1-45E5-8473-25A6376C1005}
		{64BCD801-5EC0-43BA-A583-0E6176C7120B} = {7DF82F0F-D917-48A6-A922-52C4E4E4CFB6}
		{6C801C47-6F12-4F44-921C-0A997CD6149A} = {7DF82F0F-D917-48A6-A922-52C4E4E4CFB6}
		{3E62776D-835C-457D-AAE6-7702D2E22220} = {7DF82F0F-D917-48A6-A922-52C4E4E4CFB6}
		{94D9F63D-36FA-4824-B106-D158763402B0} = {EB6026D6-1AB1-45E5-8473-25A6376C1005}
	EndGlobalSection
EndGlobal
